{
  "name": "pi-user-extension-python-code",
  "lockfileVersion": 3,
  "requires": true,
  "packages": {
    "": {
      "name": "pi-user-extension-python-code",
      "dependencies": {
        "@pydantic/monty": "^0.0.19"
      }
    },
    "node_modules/@pydantic/monty": {
      "version": "0.0.19",
      "resolved": "https://registry.npmjs.org/@pydantic/monty/-/monty-0.0.19.tgz",
      "integrity": "sha512-6KqKlnBd4EVMZ1xYlGzYIACGoxAiYDNrCtDBtZA0hgIl8g7rLIxAxkieyt3O+MptBBlbQJvQcXhlGM36NYyzDA==",
      "license": "MIT",
      "engines": {
        "node": ">= 20"
      },
      "optionalDependencies": {
        "@pydantic/monty-darwin-arm64": "0.0.19",
        "@pydantic/monty-darwin-x64": "0.0.19",
        "@pydantic/monty-linux-arm64-gnu": "0.0.19",
        "@pydantic/monty-linux-x64-gnu": "0.0.19",
        "@pydantic/monty-win32-x64-msvc": "0.0.19"
      }
    },
    "node_modules/@pydantic/monty-darwin-arm64": {
      "version": "0.0.19",
      "resolved": "https://registry.npmjs.org/@pydantic/monty-darwin-arm64/-/monty-darwin-arm64-0.0.19.tgz",
      "integrity": "sha512-lVBvwAnStWUtSUw/AFcnqFNgUTvbGgyXxLW8ECUWKn3o1iWJLLsuYbhyn+qYmB1F+vZVZqP/tY7CYeoiIO0c/A==",
      "cpu": [
        "arm64"
      ],
      "license": "MIT",
      "optional": true,
      "os": [
        "darwin"
      ],
      "engines": {
        "node": ">= 20"
      }
    },
    "node_modules/@pydantic/monty-darwin-x64": {
      "version": "0.0.19",
      "resolved": "https://registry.npmjs.org/@pydantic/monty-darwin-x64/-/monty-darwin-x64-0.0.19.tgz",
      "integrity": "sha512-0zvFDj8CHoE7m2AOJ9MQCgb+7nldjvNdAjUqvM1EjZYKJnenVt/egYZdrjOOjEyEAxsSMoae6mgPvk3DorFfgg==",
      "cpu": [
        "x64"
      ],
      "license": "MIT",
      "optional": true,
      "os": [
        "darwin"
      ],
      "engines": {
        "node": ">= 20"
      }
    },
    "node_modules/@pydantic/monty-linux-arm64-gnu": {
      "version": "0.0.19",
      "resolved": "https://registry.npmjs.org/@pydantic/monty-linux-arm64-gnu/-/monty-linux-arm64-gnu-0.0.19.tgz",
      "integrity": "sha512-dXsOAaKWdPsNyJOYwOo2bWjBnnLmM05G8wQJXOM1pMomqD8g0DhK4z5LypJHLg/I280AHL6Nd08+Oi39axbu7Q==",
      "cpu": [
        "arm64"
      ],
      "libc": [
        "glibc"
      ],
      "license": "MIT",
      "optional": true,
      "os": [
        "linux"
      ],
      "engines": {
        "node": ">= 20"
      }
    },
    "node_modules/@pydantic/monty-linux-x64-gnu": {
      "version": "0.0.19",
      "resolved": "https://registry.npmjs.org/@pydantic/monty-linux-x64-gnu/-/monty-linux-x64-gnu-0.0.19.tgz",
      "integrity": "sha512-h1hx2YAOBFUqXXI7sMBTHwi4JdWHUT4r+MuiXW7xbarPwkaRlsnq7iHbT+goHoG9qj8hIQxJnb7GD/eyDVauiQ==",
      "cpu": [
        "x64"
      ],
      "libc": [
        "glibc"
      ],
      "license": "MIT",
      "optional": true,
      "os": [
        "linux"
      ],
      "engines": {
        "node": ">= 20"
      }
    },
    "node_modules/@pydantic/monty-win32-x64-msvc": {
      "version": "0.0.19",
      "resolved": "https://registry.npmjs.org/@pydantic/monty-win32-x64-msvc/-/monty-win32-x64-msvc-0.0.19.tgz",
      "integrity": "sha512-Z4ZFK7cwoY5+FLmfNeREnx0v6IChnLdOcVqHxxCV3QrVfzq1gfZ7bJFs57AQy+XpbHI39f5ZKooC8uY+mHyfuw==",
      "cpu": [
        "x64"
      ],
      "license": "MIT",
      "optional": true,
      "os": [
        "win32"
      ],
      "engines": {
        "node": ">= 20"
      }
    }
  }
}
